
Microsoft Visual Studio Solution File, Format Version 12.00
# Visual Studio 15
VisualStudioVersion = 15.0.27703.2047
MinimumVisualStudioVersion = 10.0.40219.1
Project("{9A19103F-16F7-4668-BE54-9A1E7A4F7556}") = "ElasticityClassLibrary", "ElasticityClassLibrary\ElasticityClassLibrary.csproj", "{125B3A82-7A15-47FA-8C9B-D8700357B705}"
EndProject
Project("{9A19103F-16F7-4668-BE54-9A1E7A4F7556}") = "ElasticityConsole", "ElasticityConsole\ElasticityConsole.csproj", "{FB44113A-00DC-486B-9F2D-E7DD2D350FA4}"
EndProject
Project("{9A19103F-16F7-4668-BE54-9A1E7A4F7556}") = "ElasticityClassLibraryXUnitTests", "ElasticityClassLibraryXUnitTests\ElasticityClassLibraryXUnitTests.csproj", "{33327EAF-4BB9-4A20-9EFC-FD64E775996A}"
EndProject
Project("{9A19103F-16F7-4668-BE54-9A1E7A4F7556}") = "SparseMatrixRepSeq", "SparseMatrixRepSeq\SparseMatrixRepSeq.csproj", "{FB402281-5E9C-4B32-A03C-5445A592859A}"
EndProject
Project("{9A19103F-16F7-4668-BE54-9A1E7A4F7556}") = "SparseMatrixRepSeqConsoleApp", "SparseMatrixRepSeqConsoleApp\SparseMatrixRepSeqConsoleApp.csproj", "{3C0FAAB8-6C52-401D-A884-8742FDD54EEC}"
EndProject
Global
	GlobalSection(SolutionConfigurationPlatforms) = preSolution
		Debug|Any CPU = Debug|Any CPU
		Release|Any CPU = Release|Any CPU
	EndGlobalSection
	GlobalSection(ProjectConfigurationPlatforms) = postSolution
		{125B3A82-7A15-47FA-8C9B-D8700357B705}.Debug|Any CPU.ActiveCfg = Debug|Any CPU
		{125B3A82-7A15-47FA-8C9B-D8700357B705}.Debug|Any CPU.Build.0 = Debug|Any CPU
		{125B3A82-7A15-47FA-8C9B-D8700357B705}.Release|Any CPU.ActiveCfg = Release|Any CPU
		{125B3A82-7A15-47FA-8C9B-D8700357B705}.Release|Any CPU.Build.0 = Release|Any CPU
		{FB44113A-00DC-486B-9F2D-E7DD2D350FA4}.Debug|Any CPU.ActiveCfg = Debug|Any CPU
		{FB44113A-00DC-486B-9F2D-E7DD2D350FA4}.Debug|Any CPU.Build.0 = Debug|Any CPU
		{FB44113A-00DC-486B-9F2D-E7DD2D350FA4}.Release|Any CPU.ActiveCfg = Release|Any CPU
		{FB44113A-00DC-486B-9F2D-E7DD2D350FA4}.Release|Any CPU.Build.0 = Release|Any CPU
		{33327EAF-4BB9-4A20-9EFC-FD64E775996A}.Debug|Any CPU.ActiveCfg = Debug|Any CPU
		{33327EAF-4BB9-4A20-9EFC-FD64E775996A}.Debug|Any CPU.Build.0 = Debug|Any CPU
		{33327EAF-4BB9-4A20-9EFC-FD64E775996A}.Release|Any CPU.ActiveCfg = Release|Any CPU
		{33327EAF-4BB9-4A20-9EFC-FD64E775996A}.Release|Any CPU.Build.0 = Release|Any CPU
		{FB402281-5E9C-4B32-A03C-5445A592859A}.Debug|Any CPU.ActiveCfg = Debug|Any CPU
		{FB402281-5E9C-4B32-A03C-5445A592859A}.Debug|Any CPU.Build.0 = Debug|Any CPU
		{FB402281-5E9C-4B32-A03C-5445A592859A}.Release|Any CPU.ActiveCfg = Release|Any CPU
		{FB402281-5E9C-4B32-A03C-5445A592859A}.Release|Any CPU.Build.0 = Release|Any CPU
		{3C0FAAB8-6C52-401D-A884-8742FDD54EEC}.Debug|Any CPU.ActiveCfg = Debug|Any CPU
		{3C0FAAB8-6C52-401D-A884-8742FDD54EEC}.Debug|Any CPU.Build.0 = Debug|Any CPU
		{3C0FAAB8-6C52-401D-A884-8742FDD54EEC}.Release|Any CPU.ActiveCfg = Release|Any CPU
		{3C0FAAB8-6C52-401D-A884-8742FDD54EEC}.Release|Any CPU.Build.0 = Release|Any CPU
	EndGlobalSection
	GlobalSection(SolutionProperties) = preSolution
		HideSolutionNode = FALSE
	EndGlobalSection
	GlobalSection(ExtensibilityGlobals) = postSolution
		SolutionGuid = {4319ADE4-0E0C-48D3-A71B-AD4690199B9D}
	EndGlobalSection
EndGlobal
